version = 1
requires-python = ">=3.9"

[[package]]
name = "attrs"
version = "24.2.0"
source = { registry = "https://pypi.org/simple" }
sdist = { url = "https://files.pythonhosted.org/packages/fc/0f/aafca9af9315aee06a89ffde799a10a582fe8de76c563ee80bbcdc08b3fb/attrs-24.2.0.tar.gz", hash = "sha256:5cfb1b9148b5b086569baec03f20d7b6bf3bcacc9a42bebf87ffaaca362f6346", size = 792678 }
wheels = [
    { url = "https://files.pythonhosted.org/packages/6a/21/5b6702a7f963e95456c0de2d495f67bf5fd62840ac655dc451586d23d39a/attrs-24.2.0-py3-none-any.whl", hash = "sha256:81921eb96de3191c8258c199618104dd27ac608d9366f5e35d011eae1867ede2", size = 63001 },
]

[[package]]
name = "automat"
version = "24.8.1"
source = { registry = "https://pypi.org/simple" }
dependencies = [
    { name = "typing-extensions", marker = "python_full_version < '3.10'" },
]
sdist = { url = "https://files.pythonhosted.org/packages/8d/2d/ede4ad7fc34ab4482389fa3369d304f2fa22e50770af706678f6a332fa82/automat-24.8.1.tar.gz", hash = "sha256:b34227cf63f6325b8ad2399ede780675083e439b20c323d376373d8ee6306d88", size = 128679 }
wheels = [
    { url = "https://files.pythonhosted.org/packages/af/cc/55a32a2c98022d88812b5986d2a92c4ff3ee087e83b712ebc703bba452bf/Automat-24.8.1-py3-none-any.whl", hash = "sha256:bf029a7bc3da1e2c24da2343e7598affaa9f10bf0ab63ff808566ce90551e02a", size = 42585 },
]

[[package]]
name = "colorama"
version = "0.4.6"
source = { registry = "https://pypi.org/simple" }
sdist = { url = "https://files.pythonhosted.org/packages/d8/53/6f443c9a4a8358a93a6792e2acffb9d9d5cb0a5cfd8802644b7b1c9a02e4/colorama-0.4.6.tar.gz", hash = "sha256:08695f5cb7ed6e0531a20572697297273c47b8cae5a63ffc6d6ed5c201be6e44", size = 27697 }
wheels = [
    { url = "https://files.pythonhosted.org/packages/d1/d6/3965ed04c63042e047cb6a3e6ed1a63a35087b6a609aa3a15ed8ac56c221/colorama-0.4.6-py2.py3-none-any.whl", hash = "sha256:4f1d9991f5acc0ca119f9d443620b77f9d6b33703e51011c16baf57afb285fc6", size = 25335 },
]

[[package]]
name = "constantly"
version = "23.10.4"
source = { registry = "https://pypi.org/simple" }
sdist = { url = "https://files.pythonhosted.org/packages/4d/6f/cb2a94494ff74aa9528a36c5b1422756330a75a8367bf20bd63171fc324d/constantly-23.10.4.tar.gz", hash = "sha256:aa92b70a33e2ac0bb33cd745eb61776594dc48764b06c35e0efd050b7f1c7cbd", size = 13300 }
wheels = [
    { url = "https://files.pythonhosted.org/packages/b8/40/c199d095151addf69efdb4b9ca3a4f20f70e20508d6222bffb9b76f58573/constantly-23.10.4-py3-none-any.whl", hash = "sha256:3fd9b4d1c3dc1ec9757f3c52aef7e53ad9323dbe39f51dfd4c43853b68dfa3f9", size = 13547 },
]

[[package]]
name = "exceptiongroup"
version = "1.2.2"
source = { registry = "https://pypi.org/simple" }
sdist = { url = "https://files.pythonhosted.org/packages/09/35/2495c4ac46b980e4ca1f6ad6db102322ef3ad2410b79fdde159a4b0f3b92/exceptiongroup-1.2.2.tar.gz", hash = "sha256:47c2edf7c6738fafb49fd34290706d1a1a2f4d1c6df275526b62cbb4aa5393cc", size = 28883 }
wheels = [
    { url = "https://files.pythonhosted.org/packages/02/cc/b7e31358aac6ed1ef2bb790a9746ac2c69bcb3c8588b41616914eb106eaf/exceptiongroup-1.2.2-py3-none-any.whl", hash = "sha256:3111b9d131c238bec2f8f516e123e14ba243563fb135d3fe885990585aa7795b", size = 16453 },
]

[[package]]
name = "hyperlink"
version = "21.0.0"
source = { registry = "https://pypi.org/simple" }
dependencies = [
    { name = "idna" },
]
sdist = { url = "https://files.pythonhosted.org/packages/3a/51/1947bd81d75af87e3bb9e34593a4cf118115a8feb451ce7a69044ef1412e/hyperlink-21.0.0.tar.gz", hash = "sha256:427af957daa58bc909471c6c40f74c5450fa123dd093fc53efd2e91d2705a56b", size = 140743 }
wheels = [
    { url = "https://files.pythonhosted.org/packages/6e/aa/8caf6a0a3e62863cbb9dab27135660acba46903b703e224f14f447e57934/hyperlink-21.0.0-py2.py3-none-any.whl", hash = "sha256:e6b14c37ecb73e89c77d78cdb4c2cc8f3fb59a885c5b3f819ff4ed80f25af1b4", size = 74638 },
]

[[package]]
name = "idna"
version = "3.10"
source = { registry = "https://pypi.org/simple" }
sdist = { url = "https://files.pythonhosted.org/packages/f1/70/7703c29685631f5a7590aa73f1f1d3fa9a380e654b86af429e0934a32f7d/idna-3.10.tar.gz", hash = "sha256:12f65c9b470abda6dc35cf8e63cc574b1c52b11df2c86030af0ac09b01b13ea9", size = 190490 }
wheels = [
    { url = "https://files.pythonhosted.org/packages/76/c6/c88e154df9c4e1a2a66ccf0005a88dfb2650c1dffb6f5ce603dfbd452ce3/idna-3.10-py3-none-any.whl", hash = "sha256:946d195a0d259cbba61165e88e65941f16e9b36ea6ddb97f00452bae8b1287d3", size = 70442 },
]

[[package]]
name = "incremental"
version = "24.7.2"
source = { registry = "https://pypi.org/simple" }
dependencies = [
    { name = "setuptools" },
    { name = "tomli", marker = "python_full_version < '3.11'" },
]
sdist = { url = "https://files.pythonhosted.org/packages/27/87/156b374ff6578062965afe30cc57627d35234369b3336cf244b240c8d8e6/incremental-24.7.2.tar.gz", hash = "sha256:fb4f1d47ee60efe87d4f6f0ebb5f70b9760db2b2574c59c8e8912be4ebd464c9", size = 28157 }
wheels = [
    { url = "https://files.pythonhosted.org/packages/0d/38/221e5b2ae676a3938c2c1919131410c342b6efc2baffeda395dd66eeca8f/incremental-24.7.2-py3-none-any.whl", hash = "sha256:8cb2c3431530bec48ad70513931a760f446ad6c25e8333ca5d95e24b0ed7b8fe", size = 20516 },
]

[[package]]
name = "iniconfig"
version = "2.0.0"
source = { registry = "https://pypi.org/simple" }
sdist = { url = "https://files.pythonhosted.org/packages/d7/4b/cbd8e699e64a6f16ca3a8220661b5f83792b3017d0f79807cb8708d33913/iniconfig-2.0.0.tar.gz", hash = "sha256:2d91e135bf72d31a410b17c16da610a82cb55f6b0477d1a902134b24a455b8b3", size = 4646 }
wheels = [
    { url = "https://files.pythonhosted.org/packages/ef/a6/62565a6e1cf69e10f5727360368e451d4b7f58beeac6173dc9db836a5b46/iniconfig-2.0.0-py3-none-any.whl", hash = "sha256:b6a85871a79d2e3b22d2d1b94ac2824226a63c6b741c88f7ae975f18b6778374", size = 5892 },
]

[[package]]
name = "packaging"
version = "24.1"
source = { registry = "https://pypi.org/simple" }
sdist = { url = "https://files.pythonhosted.org/packages/51/65/50db4dda066951078f0a96cf12f4b9ada6e4b811516bf0262c0f4f7064d4/packaging-24.1.tar.gz", hash = "sha256:026ed72c8ed3fcce5bf8950572258698927fd1dbda10a5e981cdf0ac37f4f002", size = 148788 }
wheels = [
    { url = "https://files.pythonhosted.org/packages/08/aa/cc0199a5f0ad350994d660967a8efb233fe0416e4639146c089643407ce6/packaging-24.1-py3-none-any.whl", hash = "sha256:5b8f2217dbdbd2f7f384c41c628544e6d52f2d0f53c6d0c3ea61aa5d1d7ff124", size = 53985 },
]

[[package]]
name = "pluggy"
version = "1.5.0"
source = { registry = "https://pypi.org/simple" }
sdist = { url = "https://files.pythonhosted.org/packages/96/2d/02d4312c973c6050a18b314a5ad0b3210edb65a906f868e31c111dede4a6/pluggy-1.5.0.tar.gz", hash = "sha256:2cffa88e94fdc978c4c574f15f9e59b7f4201d439195c3715ca9e2486f1d0cf1", size = 67955 }
wheels = [
    { url = "https://files.pythonhosted.org/packages/88/5f/e351af9a41f866ac3f1fac4ca0613908d9a41741cfcf2228f4ad853b697d/pluggy-1.5.0-py3-none-any.whl", hash = "sha256:44e1ad92c8ca002de6377e165f3e0f1be63266ab4d554740532335b9d75ea669", size = 20556 },
]

[[package]]
name = "pytest"
version = "8.3.3"
source = { registry = "https://pypi.org/simple" }
dependencies = [
    { name = "colorama", marker = "sys_platform == 'win32'" },
    { name = "exceptiongroup", marker = "python_full_version < '3.11'" },
    { name = "iniconfig" },
    { name = "packaging" },
    { name = "pluggy" },
    { name = "tomli", marker = "python_full_version < '3.11'" },
]
sdist = { url = "https://files.pythonhosted.org/packages/8b/6c/62bbd536103af674e227c41a8f3dcd022d591f6eed5facb5a0f31ee33bbc/pytest-8.3.3.tar.gz", hash = "sha256:70b98107bd648308a7952b06e6ca9a50bc660be218d53c257cc1fc94fda10181", size = 1442487 }
wheels = [
    { url = "https://files.pythonhosted.org/packages/6b/77/7440a06a8ead44c7757a64362dd22df5760f9b12dc5f11b6188cd2fc27a0/pytest-8.3.3-py3-none-any.whl", hash = "sha256:a6853c7375b2663155079443d2e45de913a911a11d669df02a50814944db57b2", size = 342341 },
]

[[package]]
name = "setuptools"
version = "75.1.0"
source = { registry = "https://pypi.org/simple" }
sdist = { url = "https://files.pythonhosted.org/packages/27/b8/f21073fde99492b33ca357876430822e4800cdf522011f18041351dfa74b/setuptools-75.1.0.tar.gz", hash = "sha256:d59a21b17a275fb872a9c3dae73963160ae079f1049ed956880cd7c09b120538", size = 1348057 }
wheels = [
    { url = "https://files.pythonhosted.org/packages/ff/ae/f19306b5a221f6a436d8f2238d5b80925004093fa3edea59835b514d9057/setuptools-75.1.0-py3-none-any.whl", hash = "sha256:35ab7fd3bcd95e6b7fd704e4a1539513edad446c097797f2985e0e4b960772f2", size = 1248506 },
]

[[package]]
name = "tomli"
version = "2.0.2"
source = { registry = "https://pypi.org/simple" }
sdist = { url = "https://files.pythonhosted.org/packages/35/b9/de2a5c0144d7d75a57ff355c0c24054f965b2dc3036456ae03a51ea6264b/tomli-2.0.2.tar.gz", hash = "sha256:d46d457a85337051c36524bc5349dd91b1877838e2979ac5ced3e710ed8a60ed", size = 16096 }
wheels = [
    { url = "https://files.pythonhosted.org/packages/cf/db/ce8eda256fa131af12e0a76d481711abe4681b6923c27efb9a255c9e4594/tomli-2.0.2-py3-none-any.whl", hash = "sha256:2ebe24485c53d303f690b0ec092806a085f07af5a5aa1464f3931eec36caaa38", size = 13237 },
]

[[package]]
name = "twisted"
version = "24.7.0"
source = { registry = "https://pypi.org/simple" }
dependencies = [
    { name = "attrs" },
    { name = "automat" },
    { name = "constantly" },
    { name = "hyperlink" },
    { name = "incremental" },
    { name = "typing-extensions" },
    { name = "zope-interface" },
]
sdist = { url = "https://files.pythonhosted.org/packages/8b/bf/f30eb89bcd14a21a36b4cd3d96658432d4c590af3c24bbe08ea77fa7bbbb/twisted-24.7.0.tar.gz", hash = "sha256:5a60147f044187a127ec7da96d170d49bcce50c6fd36f594e60f4587eff4d394", size = 3516844 }
wheels = [
    { url = "https://files.pythonhosted.org/packages/49/d2/7b3e869b983fbf29d770fc2893f8df7c1739c6ff03a2b926b4fc43e4263e/twisted-24.7.0-py3-none-any.whl", hash = "sha256:734832ef98108136e222b5230075b1079dad8a3fc5637319615619a7725b0c81", size = 3181556 },
]

[[package]]
name = "twisted-mqtt"
version = "0.3.12.dev1+ga5372e4.d20241012"
source = { editable = "." }
dependencies = [
    { name = "twisted" },
]

[package.dev-dependencies]
dev = [
    { name = "pytest" },
]

[package.metadata]
requires-dist = [{ name = "twisted" }]

[package.metadata.requires-dev]
dev = [{ name = "pytest", specifier = ">=8.3.3" }]

[[package]]
name = "typing-extensions"
version = "4.12.2"
source = { registry = "https://pypi.org/simple" }
sdist = { url = "https://files.pythonhosted.org/packages/df/db/f35a00659bc03fec321ba8bce9420de607a1d37f8342eee1863174c69557/typing_extensions-4.12.2.tar.gz", hash = "sha256:1a7ead55c7e559dd4dee8856e3a88b41225abfe1ce8df57b7c13915fe121ffb8", size = 85321 }
wheels = [
    { url = "https://files.pythonhosted.org/packages/26/9f/ad63fc0248c5379346306f8668cda6e2e2e9c95e01216d2b8ffd9ff037d0/typing_extensions-4.12.2-py3-none-any.whl", hash = "sha256:04e5ca0351e0f3f85c6853954072df659d0d13fac324d0072316b67d7794700d", size = 37438 },
]

[[package]]
name = "zope-interface"
version = "7.1.0"
source = { registry = "https://pypi.org/simple" }
dependencies = [
    { name = "setuptools" },
]
sdist = { url = "https://files.pythonhosted.org/packages/e4/1f/8bb0739aba9a8909bcfa2e12dc20443ebd5bd773b6796603f1a126211e18/zope_interface-7.1.0.tar.gz", hash = "sha256:3f005869a1a05e368965adb2075f97f8ee9a26c61898a9e52a9764d93774f237", size = 300239 }
wheels = [
    { url = "https://files.pythonhosted.org/packages/52/cf/6fe78d1748ade8bde9e0afa0b7a6dc53427fa817c44c0c67937f4a3890ca/zope.interface-7.1.0-cp310-cp310-macosx_10_9_x86_64.whl", hash = "sha256:2bd9e9f366a5df08ebbdc159f8224904c1c5ce63893984abb76954e6fbe4381a", size = 207992 },
    { url = "https://files.pythonhosted.org/packages/98/6a/7583a3bf0ba508d7454b69928ced99f516af674be7a2781d681bbdf3e439/zope.interface-7.1.0-cp310-cp310-macosx_11_0_arm64.whl", hash = "sha256:661d5df403cd3c5b8699ac480fa7f58047a3253b029db690efa0c3cf209993ef", size = 208498 },
    { url = "https://files.pythonhosted.org/packages/f2/d7/acae0a46ff4494ade2478335aeb2dec2ec024b7761915b82887cb04f207d/zope.interface-7.1.0-cp310-cp310-manylinux_2_17_aarch64.manylinux2014_aarch64.whl", hash = "sha256:91b6c30689cfd87c8f264acb2fc16ad6b3c72caba2aec1bf189314cf1a84ca33", size = 254730 },
    { url = "https://files.pythonhosted.org/packages/76/78/42201e0e6150a14d6aaf138f969186a89ec31d25a5860b7c054191cfefa6/zope.interface-7.1.0-cp310-cp310-manylinux_2_5_i686.manylinux1_i686.manylinux_2_17_i686.manylinux2014_i686.whl", hash = "sha256:2b6a4924f5bad9fe21d99f66a07da60d75696a136162427951ec3cb223a5570d", size = 249135 },
    { url = "https://files.pythonhosted.org/packages/3f/1e/a2bb69085db973bc936493e1a870c708b4e61496c4c1f04033a9aeb2dcce/zope.interface-7.1.0-cp310-cp310-manylinux_2_5_x86_64.manylinux1_x86_64.manylinux_2_17_x86_64.manylinux2014_x86_64.whl", hash = "sha256:80a3c00b35f6170be5454b45abe2719ea65919a2f09e8a6e7b1362312a872cd3", size = 254254 },
    { url = "https://files.pythonhosted.org/packages/4f/cf/a5cb40b19f52c100d0ce22797f63ac865ced81fbf3a75a7ae0ecf2c45810/zope.interface-7.1.0-cp310-cp310-win_amd64.whl", hash = "sha256:b936d61dbe29572fd2cfe13e30b925e5383bed1aba867692670f5a2a2eb7b4e9", size = 211705 },
    { url = "https://files.pythonhosted.org/packages/9a/0b/c9dd45c073109fcaa63d5e167cae9e364fcb25f3626350127258a678ff0f/zope.interface-7.1.0-cp311-cp311-macosx_10_9_x86_64.whl", hash = "sha256:0ac20581fc6cd7c754f6dff0ae06fedb060fa0e9ea6309d8be8b2701d9ea51c4", size = 208524 },
    { url = "https://files.pythonhosted.org/packages/e0/34/57afb328bcced4d0472c11cfab5581cc1e6bb91adf1bb87509a4f5690755/zope.interface-7.1.0-cp311-cp311-macosx_11_0_arm64.whl", hash = "sha256:848b6fa92d7c8143646e64124ed46818a0049a24ecc517958c520081fd147685", size = 209032 },
    { url = "https://files.pythonhosted.org/packages/e9/a4/b2e4900f6d4a572979b5e8aa95f1ff9296b458978537f51ba546da51c108/zope.interface-7.1.0-cp311-cp311-manylinux_2_17_aarch64.manylinux2014_aarch64.whl", hash = "sha256:ec1ef1fdb6f014d5886b97e52b16d0f852364f447d2ab0f0c6027765777b6667", size = 261251 },
    { url = "https://files.pythonhosted.org/packages/c3/89/2cd0a6b24819c024b340fa67f0dda65d0ac8bbd81f35a1fa7c468b681d55/zope.interface-7.1.0-cp311-cp311-manylinux_2_5_i686.manylinux1_i686.manylinux_2_17_i686.manylinux2014_i686.whl", hash = "sha256:3bcff5c09d0215f42ba64b49205a278e44413d9bf9fa688fd9e42bfe472b5f4f", size = 255366 },
    { url = "https://files.pythonhosted.org/packages/9e/00/e58be3067025ffbeed48094a07c1972d8150f6d628151fde66f16fa0d4ae/zope.interface-7.1.0-cp311-cp311-manylinux_2_5_x86_64.manylinux1_x86_64.manylinux_2_17_x86_64.manylinux2014_x86_64.whl", hash = "sha256:07add15de0cc7e69917f7d286b64d54125c950aeb43efed7a5ea7172f000fbc1", size = 260078 },
    { url = "https://files.pythonhosted.org/packages/d1/b6/56436f9f6b74c13c9cd3dbd8345f47823d72b7c9ba2b39872cb7bee4cf42/zope.interface-7.1.0-cp311-cp311-win_amd64.whl", hash = "sha256:9940d5bc441f887c5f375ec62bcf7e7e495a2d5b1da97de1184a88fb567f06af", size = 212092 },
    { url = "https://files.pythonhosted.org/packages/ee/d7/0ab8291230cf4fa05fa6f7bb26e0206d799a922070bc3a102f88133edc1e/zope.interface-7.1.0-cp312-cp312-macosx_10_9_x86_64.whl", hash = "sha256:f245d039f72e6f802902375755846f5de1ee1e14c3e8736c078565599bcab621", size = 208649 },
    { url = "https://files.pythonhosted.org/packages/4e/ce/598d623faeca8a7ccb120a7d94f707efb61d21a57324a905c9a2bdb7b4b9/zope.interface-7.1.0-cp312-cp312-macosx_11_0_arm64.whl", hash = "sha256:6159e767d224d8f18deff634a1d3722e68d27488c357f62ebeb5f3e2f5288b1f", size = 209053 },
    { url = "https://files.pythonhosted.org/packages/ea/d0/c88caffdf6cf99e9b5d1fad9bdfa94d9eee21f72c2f9f4768bced100aab7/zope.interface-7.1.0-cp312-cp312-manylinux_2_17_aarch64.manylinux2014_aarch64.whl", hash = "sha256:5e956b1fd7f3448dd5e00f273072e73e50dfafcb35e4227e6d5af208075593c9", size = 266506 },
    { url = "https://files.pythonhosted.org/packages/1d/bd/2b665bb66b18169828f0e3d0865eabdb3c8f59556db90367950edccfc072/zope.interface-7.1.0-cp312-cp312-manylinux_2_5_i686.manylinux1_i686.manylinux_2_17_i686.manylinux2014_i686.whl", hash = "sha256:ff115ef91c0eeac69cd92daeba36a9d8e14daee445b504eeea2b1c0b55821984", size = 261229 },
    { url = "https://files.pythonhosted.org/packages/04/a0/9a0595057002784395990b5e5a5e84e71905f5c110ea5ecae469dc831468/zope.interface-7.1.0-cp312-cp312-manylinux_2_5_x86_64.manylinux1_x86_64.manylinux_2_17_x86_64.manylinux2014_x86_64.whl", hash = "sha256:bec001798ab62c3fc5447162bf48496ae9fba02edc295a9e10a0b0c639a6452e", size = 267167 },
    { url = "https://files.pythonhosted.org/packages/fb/64/cf1a22aad65dc9746fdc6705042c066011e3fe80f9c73aea9a53b0b3642d/zope.interface-7.1.0-cp312-cp312-win_amd64.whl", hash = "sha256:124149e2d42067b9c6597f4dafdc7a0983d0163868f897b7bb5dc850b14f9a87", size = 212207 },
    { url = "https://files.pythonhosted.org/packages/43/39/75d4e59474ec7aeb8eebb01fae88e97ee8b0b3144d7a445679f000001977/zope.interface-7.1.0-cp313-cp313-macosx_10_9_x86_64.whl", hash = "sha256:9733a9a0f94ef53d7aa64661811b20875b5bc6039034c6e42fb9732170130573", size = 208650 },
    { url = "https://files.pythonhosted.org/packages/c9/24/929b5530508a39a842fe50e159681b3dd36800604252940662268c3a8551/zope.interface-7.1.0-cp313-cp313-macosx_11_0_arm64.whl", hash = "sha256:5fcf379b875c610b5a41bc8a891841533f98de0520287d7f85e25386cd10d3e9", size = 209057 },
    { url = "https://files.pythonhosted.org/packages/fa/a3/07c120b40d47a3b28faadbacea579db8d7dc9214c909da13d72fd55395f7/zope.interface-7.1.0-cp313-cp313-manylinux_2_17_aarch64.manylinux2014_aarch64.whl", hash = "sha256:d0a45b5af9f72c805ee668d1479480ca85169312211bed6ed18c343e39307d5f", size = 266466 },
    { url = "https://files.pythonhosted.org/packages/4f/fa/e1925c8737787887a2801a45aadbc1ca8367fd9f135e721a2ce5a020e14d/zope.interface-7.1.0-cp313-cp313-manylinux_2_5_i686.manylinux1_i686.manylinux_2_17_i686.manylinux2014_i686.whl", hash = "sha256:4af4a12b459a273b0b34679a5c3dc5e34c1847c3dd14a628aa0668e19e638ea2", size = 261220 },
    { url = "https://files.pythonhosted.org/packages/d5/79/d7828b915edf77f8f7849e0ab4380084d07c3d09ef86f9763f1490661d66/zope.interface-7.1.0-cp313-cp313-manylinux_2_5_x86_64.manylinux1_x86_64.manylinux_2_17_x86_64.manylinux2014_x86_64.whl", hash = "sha256:a735f82d2e3ed47ca01a20dfc4c779b966b16352650a8036ab3955aad151ed8a", size = 267157 },
    { url = "https://files.pythonhosted.org/packages/98/ac/012f18dc9b35e8547975f6e0512bcb6a1e97901d7a5e4e4cb5899dee6304/zope.interface-7.1.0-cp313-cp313-win_amd64.whl", hash = "sha256:5501e772aff595e3c54266bc1bfc5858e8f38974ce413a8f1044aae0f32a83a3", size = 212213 },
    { url = "https://files.pythonhosted.org/packages/7b/93/452f0c7f002280386695feab68572f05b5738e69d4897f1aac47f1023c43/zope.interface-7.1.0-cp39-cp39-macosx_10_9_x86_64.whl", hash = "sha256:9e3e48f3dea21c147e1b10c132016cb79af1159facca9736d231694ef5a740a8", size = 208100 },
    { url = "https://files.pythonhosted.org/packages/d7/e3/f053aed227edcca71fffc14784468f5b53c4022c36429196f83ae06f0841/zope.interface-7.1.0-cp39-cp39-macosx_11_0_arm64.whl", hash = "sha256:a99240b1d02dc469f6afbe7da1bf617645e60290c272968f4e53feec18d7dce8", size = 208546 },
    { url = "https://files.pythonhosted.org/packages/ad/11/ca1f2812acb08bf5f061d18eaee92ab0080edc4d01408c4c2d09e002a2b7/zope.interface-7.1.0-cp39-cp39-manylinux_2_17_aarch64.manylinux2014_aarch64.whl", hash = "sha256:cc8a318162123eddbdf22fcc7b751288ce52e4ad096d3766ff1799244352449d", size = 254088 },
    { url = "https://files.pythonhosted.org/packages/f5/fc/f1199c63ab300ea83444b78ae56b4e36624340068dae91c073cdb526a514/zope.interface-7.1.0-cp39-cp39-manylinux_2_5_i686.manylinux1_i686.manylinux_2_17_i686.manylinux2014_i686.whl", hash = "sha256:b7b25db127db3e6b597c5f74af60309c4ad65acd826f89609662f0dc33a54728", size = 248386 },
    { url = "https://files.pythonhosted.org/packages/6b/12/1a1f2c4a6c242a42dcd5e1658bd7ca9dbf7a97896a2f9acefb80e80aa50c/zope.interface-7.1.0-cp39-cp39-manylinux_2_5_x86_64.manylinux1_x86_64.manylinux_2_17_x86_64.manylinux2014_x86_64.whl", hash = "sha256:2a29ac607e970b5576547f0e3589ec156e04de17af42839eedcf478450687317", size = 253576 },
    { url = "https://files.pythonhosted.org/packages/9e/25/27c22677dfc827ec8e9acb92356e71267e40d4b67692f474856608876278/zope.interface-7.1.0-cp39-cp39-win_amd64.whl", hash = "sha256:a14c9decf0eb61e0892631271d500c1e306c7b6901c998c7035e194d9150fdd1", size = 211727 },
]
